
Microsoft Visual Studio Solution File, Format Version 12.00
# Visual Studio Version 16
VisualStudioVersion = 16.0.29613.14
MinimumVisualStudioVersion = 10.0.40219.1
Project("{2150E333-8FDC-42A3-9474-1A3956D46DE8}") = "BinaryTree", "BinaryTree", "{B87DBA25-862F-44E0-8914-A944C73657F1}"
EndProject
Project("{9A19103F-16F7-4668-BE54-9A1E7A4F7556}") = "AlgoAndStruct.BinaryTree", "AlgoAndStruct.BinaryTree\AlgoAndStruct.BinaryTree.csproj", "{58516774-A4DF-4785-94E5-5D22DFDED3F6}"
EndProject
Project("{9A19103F-16F7-4668-BE54-9A1E7A4F7556}") = "AlgoAndStruct.BinaryTree.Tests", "AlgoAndStruct.BinaryTree.Tests\AlgoAndStruct.BinaryTree.Tests.csproj", "{DE1FA169-A3F3-42A0-962B-E905562FAA77}"
EndProject
Project("{2150E333-8FDC-42A3-9474-1A3956D46DE8}") = "Graph", "Graph", "{1990253D-2691-4C88-B84B-C6F0E6A59B82}"
EndProject
Project("{9A19103F-16F7-4668-BE54-9A1E7A4F7556}") = "AlgoAndStruct.Graph", "AlgoAndStruct.Graph\AlgoAndStruct.Graph.csproj", "{363711B3-6CB4-4316-9186-6C5B6B0D2D8D}"
EndProject
Project("{FAE04EC0-301F-11D3-BF4B-00C04F79EFBC}") = "AlgoAndStruct.Graph.Tests", "AlgoAndStruct.Graph.Tests\AlgoAndStruct.Graph.Tests.csproj", "{51E60AFC-6C87-49F5-A681-738664A69C14}"
EndProject
Global
	GlobalSection(SolutionConfigurationPlatforms) = preSolution
		Debug|Any CPU = Debug|Any CPU
		Release|Any CPU = Release|Any CPU
	EndGlobalSection
	GlobalSection(ProjectConfigurationPlatforms) = postSolution
		{58516774-A4DF-4785-94E5-5D22DFDED3F6}.Debug|Any CPU.ActiveCfg = Debug|Any CPU
		{58516774-A4DF-4785-94E5-5D22DFDED3F6}.Debug|Any CPU.Build.0 = Debug|Any CPU
		{58516774-A4DF-4785-94E5-5D22DFDED3F6}.Release|Any CPU.ActiveCfg = Release|Any CPU
		{58516774-A4DF-4785-94E5-5D22DFDED3F6}.Release|Any CPU.Build.0 = Release|Any CPU
		{DE1FA169-A3F3-42A0-962B-E905562FAA77}.Debug|Any CPU.ActiveCfg = Debug|Any CPU
		{DE1FA169-A3F3-42A0-962B-E905562FAA77}.Debug|Any CPU.Build.0 = Debug|Any CPU
		{DE1FA169-A3F3-42A0-962B-E905562FAA77}.Release|Any CPU.ActiveCfg = Release|Any CPU
		{DE1FA169-A3F3-42A0-962B-E905562FAA77}.Release|Any CPU.Build.0 = Release|Any CPU
		{363711B3-6CB4-4316-9186-6C5B6B0D2D8D}.Debug|Any CPU.ActiveCfg = Debug|Any CPU
		{363711B3-6CB4-4316-9186-6C5B6B0D2D8D}.Debug|Any CPU.Build.0 = Debug|Any CPU
		{363711B3-6CB4-4316-9186-6C5B6B0D2D8D}.Release|Any CPU.ActiveCfg = Release|Any CPU
		{363711B3-6CB4-4316-9186-6C5B6B0D2D8D}.Release|Any CPU.Build.0 = Release|Any CPU
		{51E60AFC-6C87-49F5-A681-738664A69C14}.Debug|Any CPU.ActiveCfg = Debug|Any CPU
		{51E60AFC-6C87-49F5-A681-738664A69C14}.Debug|Any CPU.Build.0 = Debug|Any CPU
		{51E60AFC-6C87-49F5-A681-738664A69C14}.Release|Any CPU.ActiveCfg = Release|Any CPU
		{51E60AFC-6C87-49F5-A681-738664A69C14}.Release|Any CPU.Build.0 = Release|Any CPU
	EndGlobalSection
	GlobalSection(SolutionProperties) = preSolution
		HideSolutionNode = FALSE
	EndGlobalSection
	GlobalSection(NestedProjects) = preSolution
		{58516774-A4DF-4785-94E5-5D22DFDED3F6} = {B87DBA25-862F-44E0-8914-A944C73657F1}
		{DE1FA169-A3F3-42A0-962B-E905562FAA77} = {B87DBA25-862F-44E0-8914-A944C73657F1}
		{363711B3-6CB4-4316-9186-6C5B6B0D2D8D} = {1990253D-2691-4C88-B84B-C6F0E6A59B82}
		{51E60AFC-6C87-49F5-A681-738664A69C14} = {1990253D-2691-4C88-B84B-C6F0E6A59B82}
	EndGlobalSection
	GlobalSection(ExtensibilityGlobals) = postSolution
		SolutionGuid = {DB092A6A-275B-4C2D-9631-16D0C061429E}
	EndGlobalSection
EndGlobal
